%{
  "bunt": {:hex, :bunt, "0.2.0", "951c6e801e8b1d2cbe58ebbd3e616a869061ddadcc4863d0a2182541acae9a38", [:mix], [], "hexpm", "7af5c7e09fe1d40f76c8e4f9dd2be7cebd83909f31fee7cd0e9eadc567da8353"},
  "certifi": {:hex, :certifi, "1.2.1", "c3904f192bd5284e5b13f20db3ceac9626e14eeacfbb492e19583cf0e37b22be", [:rebar3], [], "hexpm", "54afd282e544833fbafbe2e845333132b5f092aee19dfae3a8fd970f67e0f2e6"},
  "cowboy": {:hex, :cowboy, "2.6.0", "dc1ff5354c89e36a3e3ef8d10433396dcff0dcbb1d4223b58c64c2d51a6d88d9", [:rebar3], [{:cowlib, "~> 2.7.0", [hex: :cowlib, repo: "hexpm", optional: false]}, {:ranch, "~> 1.7.0", [hex: :ranch, repo: "hexpm", optional: false]}], "hexpm", "ff7cf0fb7a2762f423d845468b32ed4edb5c7e0d78e6875b0628153239a7bb34"},
  "cowlib": {:hex, :cowlib, "2.7.0", "3ef16e77562f9855a2605900cedb15c1462d76fb1be6a32fc3ae91973ee543d2", [:rebar3], [], "hexpm", "59f952d504b9921a6f53226fdb8b4a671bb694277c7ccf1ddeaadcdc6d43d88e"},
  "credo": {:hex, :credo, "0.8.4", "4e50acac058cf6292d6066e5b0d03da5e1483702e1ccde39abba385c9f03ead4", [:mix], [{:bunt, "~> 0.2.0", [hex: :bunt, repo: "hexpm", optional: false]}], "hexpm", "c1195d3a7923df9ec72cb1fa991f88cf8c9c067d8bae05cfd700b24d8d18b343"},
  "dialyxir": {:hex, :dialyxir, "0.5.0", "5bc543f9c28ecd51b99cc1a685a3c2a1a93216990347f259406a910cf048d1d7", [:mix], [], "hexpm", "7c5c6c1eceb93e26a06c36148cb6f8021ae6f4f9a07bb1ae95f588e0a01ea8e1"},
  "earmark": {:hex, :earmark, "1.3.0", "17f0c38eaafb4800f746b457313af4b2442a8c2405b49c645768680f900be603", [:mix], [], "hexpm", "f8b8820099caf0d5e72ae6482d2b0da96f213cbbe2b5b2191a37966e119eaa27"},
  "ex_doc": {:hex, :ex_doc, "0.19.1", "519bb9c19526ca51d326c060cb1778d4a9056b190086a8c6c115828eaccea6cf", [:mix], [{:earmark, "~> 1.1", [hex: :earmark, repo: "hexpm", optional: false]}, {:makeup_elixir, "~> 0.7", [hex: :makeup_elixir, repo: "hexpm", optional: false]}], "hexpm", "dc87f778d8260da0189a622f62790f6202af72f2f3dee6e78d91a18dd2fcd137"},
  "excoveralls": {:hex, :excoveralls, "0.7.1", "3dd659db19c290692b5e2c4a2365ae6d4488091a1ba58f62dcbdaa0c03da5491", [:mix], [{:exjsx, ">= 3.0.0", [hex: :exjsx, repo: "hexpm", optional: false]}, {:hackney, ">= 0.12.0", [hex: :hackney, repo: "hexpm", optional: false]}], "hexpm", "d4f74abd75a8cbdf5224f7a20c1f9ebfe639187d1911fafc70dd299f53d9fad0"},
  "exjsx": {:hex, :exjsx, "4.0.0", "60548841e0212df401e38e63c0078ec57b33e7ea49b032c796ccad8cde794b5c", [:mix], [{:jsx, "~> 2.8.0", [hex: :jsx, repo: "hexpm", optional: false]}], "hexpm", "32e95820a97cffea67830e91514a2ad53b888850442d6d395f53a1ac60c82e07"},
  "hackney": {:hex, :hackney, "1.8.6", "21a725db3569b3fb11a6af17d5c5f654052ce9624219f1317e8639183de4a423", [:rebar3], [{:certifi, "1.2.1", [hex: :certifi, repo: "hexpm", optional: false]}, {:idna, "5.0.2", [hex: :idna, repo: "hexpm", optional: false]}, {:metrics, "1.0.1", [hex: :metrics, repo: "hexpm", optional: false]}, {:mimerl, "1.0.2", [hex: :mimerl, repo: "hexpm", optional: false]}, {:ssl_verify_fun, "1.1.1", [hex: :ssl_verify_fun, repo: "hexpm", optional: false]}], "hexpm", "677281a6eae416f4ca7980c8dfd1ee85c7cf445ed932c5d7f7909946d1cac37a"},
  "httpoison": {:hex, :httpoison, "0.12.0", "8fc3d791c5afe6beb0093680c667dd4ce712a49d89c38c3fe1a43100dd76cf90", [:mix], [{:hackney, "~> 1.8.0", [hex: :hackney, repo: "hexpm", optional: false]}], "hexpm", "4fd6233b10e31d538984151764f6a3261cc6a95af13456eba27355d77fd7fb24"},
  "idna": {:hex, :idna, "5.0.2", "ac203208ada855d95dc591a764b6e87259cb0e2a364218f215ad662daa8cd6b4", [:rebar3], [{:unicode_util_compat, "0.2.0", [hex: :unicode_util_compat, repo: "hexpm", optional: false]}], "hexpm", "352278f34e274a2e000b20e41aa74d6bc9a622407dc043b550a3cd3b7ac5457d"},
  "inch_ex": {:hex, :inch_ex, "0.5.6", "418357418a553baa6d04eccd1b44171936817db61f4c0840112b420b8e378e67", [:mix], [{:poison, "~> 1.5 or ~> 2.0 or ~> 3.0", [hex: :poison, repo: "hexpm", optional: false]}], "hexpm", "7123ca0450686a61416a06cd38e26af18fd0f8c1cff5214770a957c6e0724338"},
  "jason": {:hex, :jason, "1.1.2", "b03dedea67a99223a2eaf9f1264ce37154564de899fd3d8b9a21b1a6fd64afe7", [:mix], [{:decimal, "~> 1.0", [hex: :decimal, repo: "hexpm", optional: true]}], "hexpm", "fdf843bca858203ae1de16da2ee206f53416bbda5dc8c9e78f43243de4bc3afe"},
  "jsx": {:hex, :jsx, "2.8.2", "7acc7d785b5abe8a6e9adbde926a24e481f29956dd8b4df49e3e4e7bcc92a018", [:mix, :rebar3], [], "hexpm", "b4c5d3230b397c8d95579e4a3d72826bb6463160130ccf4182f5be8579b5f44c"},
  "makeup": {:hex, :makeup, "0.5.5", "9e08dfc45280c5684d771ad58159f718a7b5788596099bdfb0284597d368a882", [:mix], [{:nimble_parsec, "~> 0.4", [hex: :nimble_parsec, repo: "hexpm", optional: false]}], "hexpm", "d7152ff93f2eac07905f510dfa03397134345ba4673a00fbf7119bab98632940"},
  "makeup_elixir": {:hex, :makeup_elixir, "0.10.0", "0f09c2ddf352887a956d84f8f7e702111122ca32fbbc84c2f0569b8b65cbf7fa", [:mix], [{:makeup, "~> 0.5.5", [hex: :makeup, repo: "hexpm", optional: false]}], "hexpm", "4a36dd2d0d5c5f98d95b3f410d7071cd661d5af310472229dd0e92161f168a44"},
  "meck": {:hex, :meck, "0.8.7", "ebad16ca23f685b07aed3bc011efff65fbaf28881a8adf925428ef5472d390ee", [:rebar3], [], "hexpm", "51274d4b536dc7958eb4df3aefa5245f4a6df1d6198cb8f8b97d6747033597ca"},
  "metrics": {:hex, :metrics, "1.0.1", "25f094dea2cda98213cecc3aeff09e940299d950904393b2a29d191c346a8486", [:rebar3], [], "hexpm", "69b09adddc4f74a40716ae54d140f93beb0fb8978d8636eaded0c31b6f099f16"},
  "mime": {:hex, :mime, "1.3.0", "5e8d45a39e95c650900d03f897fbf99ae04f60ab1daa4a34c7a20a5151b7a5fe", [:mix], [], "hexpm", "5e839994289d60326aa86020c4fbd9c6938af188ecddab2579f07b66cd665328"},
  "mimerl": {:hex, :mimerl, "1.0.2", "993f9b0e084083405ed8252b99460c4f0563e41729ab42d9074fd5e52439be88", [:rebar3], [], "hexpm", "7a4c8e1115a2732a67d7624e28cf6c9f30c66711a9e92928e745c255887ba465"},
  "nimble_parsec": {:hex, :nimble_parsec, "0.4.0", "ee261bb53214943679422be70f1658fff573c5d0b0a1ecd0f18738944f818efe", [:mix], [], "hexpm", "ebb595e19456a72786db6dcd370d320350cb624f0b6203fcc7e23161d49b0ffb"},
  "plug": {:hex, :plug, "1.7.1", "8516d565fb84a6a8b2ca722e74e2cd25ca0fc9d64f364ec9dbec09d33eb78ccd", [:mix], [{:mime, "~> 1.0", [hex: :mime, repo: "hexpm", optional: false]}, {:plug_crypto, "~> 1.0", [hex: :plug_crypto, repo: "hexpm", optional: false]}], "hexpm", "daa5fee4209c12c3c48b05a96cf88c320b627c9575f987554dcdc1fdcdf2c15e"},
  "plug_cowboy": {:hex, :plug_cowboy, "2.0.0", "ab0c92728f2ba43c544cce85f0f220d8d30fc0c90eaa1e6203683ab039655062", [:mix], [{:cowboy, "~> 2.5", [hex: :cowboy, repo: "hexpm", optional: false]}, {:plug, "~> 1.7", [hex: :plug, repo: "hexpm", optional: false]}], "hexpm", "fa9087d93f4962d099b9c4246dbea97c2f2e6aab1029e8b8206e733a1274cecc"},
  "plug_crypto": {:hex, :plug_crypto, "1.0.0", "18e49317d3fa343f24620ed22795ec29d4a5e602d52d1513ccea0b07d8ea7d4d", [:mix], [], "hexpm", "73c1682f0e414cfb5d9b95c8e8cd6ffcfdae699e3b05e1db744e58b7be857759"},
  "poison": {:hex, :poison, "3.1.0", "d9eb636610e096f86f25d9a46f35a9facac35609a7591b3be3326e99a0484665", [:mix], [], "hexpm", "fec8660eb7733ee4117b85f55799fd3833eb769a6df71ccf8903e8dc5447cfce"},
  "ranch": {:hex, :ranch, "1.7.0", "9583f47160ca62af7f8d5db11454068eaa32b56eeadf984d4f46e61a076df5f2", [:rebar3], [], "hexpm", "59f7501c3a56125b2fc5684c3048fac9d043c0bf4d173941b12ca927949af189"},
  "ssl_verify_fun": {:hex, :ssl_verify_fun, "1.1.1", "28a4d65b7f59893bc2c7de786dec1e1555bd742d336043fe644ae956c3497fbe", [:make, :rebar], [], "hexpm", "4f8805eb5c8a939cf2359367cb651a3180b27dfb48444846be2613d79355d65e"},
  "unicode_util_compat": {:hex, :unicode_util_compat, "0.2.0", "dbbccf6781821b1c0701845eaf966c9b6d83d7c3bfc65ca2b78b88b8678bfa35", [:rebar3], [], "hexpm", "1582b67d11eab7c57228449a422a401d2295f53edc21ce69edfd16d10d59d2ba"},
  "websocket_client": {:hex, :websocket_client, "1.3.0", "2275d7daaa1cdacebf2068891c9844b15f4fdc3de3ec2602420c2fb486db59b6", [:rebar3], [], "hexpm", "b864fa076f059b615da4ab99240e515b26132ce4d2d0f9df5d7f22f01fa04b65"},
}
